
Microsoft Visual Studio Solution File, Format Version 12.00
# Visual Studio Version 17
VisualStudioVersion = 17.9.34701.34
MinimumVisualStudioVersion = 10.0.40219.1
Project("{FAE04EC0-301F-11D3-BF4B-00C04F79EFBC}") = "Queue Storage Client", "Queue Storage Client.csproj", "{58AC00C0-7531-4AA4-AC78-CA1996E44292}"
EndProject
Global
	GlobalSection(SolutionConfigurationPlatforms) = preSolution
		Debug|Any CPU = Debug|Any CPU
		Release|Any CPU = Release|Any CPU
	EndGlobalSection
	GlobalSection(ProjectConfigurationPlatforms) = postSolution
		{58AC00C0-7531-4AA4-AC78-CA1996E44292}.Debug|Any CPU.ActiveCfg = Debug|Any CPU
		{58AC00C0-7531-4AA4-AC78-CA1996E44292}.Debug|Any CPU.Build.0 = Debug|Any CPU
		{58AC00C0-7531-4AA4-AC78-CA1996E44292}.Release|Any CPU.ActiveCfg = Release|Any CPU
		{58AC00C0-7531-4AA4-AC78-CA1996E44292}.Release|Any CPU.Build.0 = Release|Any CPU
	EndGlobalSection
	GlobalSection(SolutionProperties) = preSolution
		HideSolutionNode = FALSE
	EndGlobalSection
	GlobalSection(ExtensibilityGlobals) = postSolution
		SolutionGuid = {4F9DBEEA-7AF7-4B7B-8078-0A58671CDBC6}
	EndGlobalSection
EndGlobal
